
Microsoft Visual Studio Solution File, Format Version 12.00
# Visual Studio 15
VisualStudioVersion = 15.0.27703.2047
MinimumVisualStudioVersion = 10.0.40219.1
Project("{FAE04EC0-301F-11D3-BF4B-00C04F79EFBC}") = "QuickSort_Experiment", "QuickSort_Experiment\QuickSort_Experiment.csproj", "{D633DEF6-2056-4EBA-94C0-BA78EE1E160E}"
EndProject
Global
	GlobalSection(SolutionConfigurationPlatforms) = preSolution
		Debug|Any CPU = Debug|Any CPU
		Release|Any CPU = Release|Any CPU
	EndGlobalSection
	GlobalSection(ProjectConfigurationPlatforms) = postSolution
		{D633DEF6-2056-4EBA-94C0-BA78EE1E160E}.Debug|Any CPU.ActiveCfg = Debug|Any CPU
		{D633DEF6-2056-4EBA-94C0-BA78EE1E160E}.Debug|Any CPU.Build.0 = Debug|Any CPU
		{D633DEF6-2056-4EBA-94C0-BA78EE1E160E}.Release|Any CPU.ActiveCfg = Release|Any CPU
		{D633DEF6-2056-4EBA-94C0-BA78EE1E160E}.Release|Any CPU.Build.0 = Release|Any CPU
	EndGlobalSection
	GlobalSection(SolutionProperties) = preSolution
		HideSolutionNode = FALSE
	EndGlobalSection
	GlobalSection(ExtensibilityGlobals) = postSolution
		SolutionGuid = {3FCD79DC-CF8A-449E-900D-DC822156340F}
	EndGlobalSection
EndGlobal
