
Microsoft Visual Studio Solution File, Format Version 12.00
# Visual Studio 15
VisualStudioVersion = 15.0.27703.2047
MinimumVisualStudioVersion = 10.0.40219.1
Project("{FAE04EC0-301F-11D3-BF4B-00C04F79EFBC}") = "QuickSort_Experiment", "QuickSort_Experiment\QuickSort_Experiment.csproj", "{D633DEF6-2056-4EBA-94C0-BA78EE1E160E}"
EndProject
Project("{FAE04EC0-301F-11D3-BF4B-00C04F79EFBC}") = "UnitTest", "UnitTest\UnitTest.csproj", "{0F51878D-DE1B-4FC6-8EE0-F48113C33D21}"
EndProject
Global
	GlobalSection(SolutionConfigurationPlatforms) = preSolution
		Debug|Any CPU = Debug|Any CPU
		Debug|ARM = Debug|ARM
		Debug|x64 = Debug|x64
		Debug|x86 = Debug|x86
		Release|Any CPU = Release|Any CPU
		Release|ARM = Release|ARM
		Release|x64 = Release|x64
		Release|x86 = Release|x86
	EndGlobalSection
	GlobalSection(ProjectConfigurationPlatforms) = postSolution
		{D633DEF6-2056-4EBA-94C0-BA78EE1E160E}.Debug|Any CPU.ActiveCfg = Debug|Any CPU
		{D633DEF6-2056-4EBA-94C0-BA78EE1E160E}.Debug|Any CPU.Build.0 = Debug|Any CPU
		{D633DEF6-2056-4EBA-94C0-BA78EE1E160E}.Debug|ARM.ActiveCfg = Debug|Any CPU
		{D633DEF6-2056-4EBA-94C0-BA78EE1E160E}.Debug|ARM.Build.0 = Debug|Any CPU
		{D633DEF6-2056-4EBA-94C0-BA78EE1E160E}.Debug|x64.ActiveCfg = Debug|Any CPU
		{D633DEF6-2056-4EBA-94C0-BA78EE1E160E}.Debug|x64.Build.0 = Debug|Any CPU
		{D633DEF6-2056-4EBA-94C0-BA78EE1E160E}.Debug|x86.ActiveCfg = Debug|Any CPU
		{D633DEF6-2056-4EBA-94C0-BA78EE1E160E}.Debug|x86.Build.0 = Debug|Any CPU
		{D633DEF6-2056-4EBA-94C0-BA78EE1E160E}.Release|Any CPU.ActiveCfg = Release|Any CPU
		{D633DEF6-2056-4EBA-94C0-BA78EE1E160E}.Release|Any CPU.Build.0 = Release|Any CPU
		{D633DEF6-2056-4EBA-94C0-BA78EE1E160E}.Release|ARM.ActiveCfg = Release|Any CPU
		{D633DEF6-2056-4EBA-94C0-BA78EE1E160E}.Release|ARM.Build.0 = Release|Any CPU
		{D633DEF6-2056-4EBA-94C0-BA78EE1E160E}.Release|x64.ActiveCfg = Release|Any CPU
		{D633DEF6-2056-4EBA-94C0-BA78EE1E160E}.Release|x64.Build.0 = Release|Any CPU
		{D633DEF6-2056-4EBA-94C0-BA78EE1E160E}.Release|x86.ActiveCfg = Release|Any CPU
		{D633DEF6-2056-4EBA-94C0-BA78EE1E160E}.Release|x86.Build.0 = Release|Any CPU
		{0F51878D-DE1B-4FC6-8EE0-F48113C33D21}.Debug|Any CPU.ActiveCfg = Debug|Any CPU
		{0F51878D-DE1B-4FC6-8EE0-F48113C33D21}.Debug|Any CPU.Build.0 = Debug|Any CPU
		{0F51878D-DE1B-4FC6-8EE0-F48113C33D21}.Debug|ARM.ActiveCfg = Debug|Any CPU
		{0F51878D-DE1B-4FC6-8EE0-F48113C33D21}.Debug|ARM.Build.0 = Debug|Any CPU
		{0F51878D-DE1B-4FC6-8EE0-F48113C33D21}.Debug|x64.ActiveCfg = Debug|Any CPU
		{0F51878D-DE1B-4FC6-8EE0-F48113C33D21}.Debug|x64.Build.0 = Debug|Any CPU
		{0F51878D-DE1B-4FC6-8EE0-F48113C33D21}.Debug|x86.ActiveCfg = Debug|Any CPU
		{0F51878D-DE1B-4FC6-8EE0-F48113C33D21}.Debug|x86.Build.0 = Debug|Any CPU
		{0F51878D-DE1B-4FC6-8EE0-F48113C33D21}.Release|Any CPU.ActiveCfg = Release|Any CPU
		{0F51878D-DE1B-4FC6-8EE0-F48113C33D21}.Release|Any CPU.Build.0 = Release|Any CPU
		{0F51878D-DE1B-4FC6-8EE0-F48113C33D21}.Release|ARM.ActiveCfg = Release|Any CPU
		{0F51878D-DE1B-4FC6-8EE0-F48113C33D21}.Release|ARM.Build.0 = Release|Any CPU
		{0F51878D-DE1B-4FC6-8EE0-F48113C33D21}.Release|x64.ActiveCfg = Release|Any CPU
		{0F51878D-DE1B-4FC6-8EE0-F48113C33D21}.Release|x64.Build.0 = Release|Any CPU
		{0F51878D-DE1B-4FC6-8EE0-F48113C33D21}.Release|x86.ActiveCfg = Release|Any CPU
		{0F51878D-DE1B-4FC6-8EE0-F48113C33D21}.Release|x86.Build.0 = Release|Any CPU
	EndGlobalSection
	GlobalSection(SolutionProperties) = preSolution
		HideSolutionNode = FALSE
	EndGlobalSection
	GlobalSection(ExtensibilityGlobals) = postSolution
		SolutionGuid = {3FCD79DC-CF8A-449E-900D-DC822156340F}
	EndGlobalSection
EndGlobal
